// !$*UTF8*$!
{
	archiveVersion = 1;
	classes = {
	};
	objectVersion = 46;
	objects = {

/* Begin PBXBuildFile section */
		846CD2CC1CD67E2A001EBC95 /* main.cpp in Sources */ = {isa = PBXBuildFile; fileRef = 846CD2CB1CD67E2A001EBC95 /* main.cpp */; };
/* End PBXBuildFile section */

/* Begin PBXCopyFilesBuildPhase section */
		846CD2C61CD67E2A001EBC95 /* CopyFiles */ = {
			isa = PBXCopyFilesBuildPhase;
			buildActionMask = 2147483647;
			dstPath = /usr/share/man/man1/;
			dstSubfolderSpec = 0;
			files = (
			);
			runOnlyForDeploymentPostprocessing = 1;
		};
/* End PBXCopyFilesBuildPhase section */

/* Begin PBXFileReference section */
		846CD2C81CD67E2A001EBC95 /* MessageQueue */ = {isa = PBXFileReference; explicitFileType = "compiled.mach-o.executable"; includeInIndex = 0; path = MessageQueue; sourceTree = BUILT_PRODUCTS_DIR; };
		846CD2CB1CD67E2A001EBC95 /* main.cpp */ = {isa = PBXFileReference; lastKnownFileType = sourcecode.cpp.cpp; path = main.cpp; sourceTree = "<group>"; };
/* End PBXFileReference section */

/* Begin PBXFrameworksBuildPhase section */
		846CD2C51CD67E2A001EBC95 /* Frameworks */ = {
			isa = PBXFrameworksBuildPhase;
			buildActionMask = 2147483647;
			files = (
			);
			runOnlyForDeploymentPostprocessing = 0;
		};
/* End PBXFrameworksBuildPhase section */

/* Begin PBXGroup section */
		846CD2BF1CD67E2A001EBC95 = {
			isa = PBXGroup;
			children = (
				846CD2CA1CD67E2A001EBC95 /* MessageQueue */,
				846CD2C91CD67E2A001EBC95 /* Products */,
			);
			sourceTree = "<group>";
		};
		846CD2C91CD67E2A001EBC95 /* Products */ = {
			isa = PBXGroup;
			children = (
				846CD2C81CD67E2A001EBC95 /* MessageQueue */,
			);
			name = Products;
			sourceTree = "<group>";
		};
		846CD2CA1CD67E2A001EBC95 /* MessageQueue */ = {
			isa = PBXGroup;
			children = (
				846CD2CB1CD67E2A001EBC95 /* main.cpp */,
			);
			path = MessageQueue;
			sourceTree = "<group>";
		};
/* End PBXGroup section */

/* Begin PBXNativeTarget section */
		846CD2C71CD67E2A001EBC95 /* MessageQueue */ = {
			isa = PBXNativeTarget;
			buildConfigurationList = 846CD2CF1CD67E2A001EBC95 /* Build configuration list for PBXNativeTarget "MessageQueue" */;
			buildPhases = (
				846CD2C41CD67E2A001EBC95 /* Sources */,
				846CD2C51CD67E2A001EBC95 /* Frameworks */,
				846CD2C61CD67E2A001EBC95 /* CopyFiles */,
			);
			buildRules = (
			);
			dependencies = (
			);
			name = MessageQueue;
			productName = MessageQueue;
			productReference = 846CD2C81CD67E2A001EBC95 /* MessageQueue */;
			productType = "com.apple.product-type.tool";
		};
/* End PBXNativeTarget section */

/* Begin PBXProject section */
		846CD2C01CD67E2A001EBC95 /* Project object */ = {
			isa = PBXProject;
			attributes = {
				LastUpgradeCheck = 0730;
				ORGANIZATIONNAME = Admin;
				TargetAttributes = {
					846CD2C71CD67E2A001EBC95 = {
						CreatedOnToolsVersion = 7.3;
					};
				};
			};
			buildConfigurationList = 846CD2C31CD67E2A001EBC95 /* Build configuration list for PBXProject "MessageQueue" */;
			compatibilityVersion = "Xcode 3.2";
			developmentRegion = English;
			hasScannedForEncodings = 0;
			knownRegions = (
				en,
			);
			mainGroup = 846CD2BF1CD67E2A001EBC95;
			productRefGroup = 846CD2C91CD67E2A001EBC95 /* Products */;
			projectDirPath = "";
			projectRoot = "";
			targets = (
				846CD2C71CD67E2A001EBC95 /* MessageQueue */,
			);
		};
/* End PBXProject section */

/* Begin PBXSourcesBuildPhase section */
		846CD2C41CD67E2A001EBC95 /* Sources */ = {
			isa = PBXSourcesBuildPhase;
			buildActionMask = 2147483647;
			files = (
				846CD2CC1CD67E2A001EBC95 /* main.cpp in Sources */,
			);
			runOnlyForDeploymentPostprocessing = 0;
		};
/* End PBXSourcesBuildPhase section */

/* Begin XCBuildConfiguration section */
		846CD2CD1CD67E2A001EBC95 /* Debug */ = {
			isa = XCBuildConfiguration;
			buildSettings = {
				ALWAYS_SEARCH_USER_PATHS = NO;
				CLANG_ANALYZER_NONNULL = YES;
				CLANG_CXX_LANGUAGE_STANDARD = "gnu++0x";
				CLANG_CXX_LIBRARY = "libc++";
				CLANG_ENABLE_MODULES = YES;
				CLANG_ENABLE_OBJC_ARC = YES;
				CLANG_WARN_BOOL_CONVERSION = YES;
				CLANG_WARN_CONSTANT_CONVERSION = YES;
				CLANG_WARN_DIRECT_OBJC_ISA_USAGE = YES_ERROR;
				CLANG_WARN_EMPTY_BODY = YES;
				CLANG_WARN_ENUM_CONVERSION = YES;
				CLANG_WARN_INT_CONVERSION = YES;
				CLANG_WARN_OBJC_ROOT_CLASS = YES_ERROR;
				CLANG_WARN_UNREACHABLE_CODE = YES;
				CLANG_WARN__DUPLICATE_METHOD_MATCH = YES;
				CODE_SIGN_IDENTITY = "-";
				COPY_PHASE_STRIP = NO;
				DEBUG_INFORMATION_FORMAT = dwarf;
				ENABLE_STRICT_OBJC_MSGSEND = YES;
				ENABLE_TESTABILITY = YES;
				GCC_C_LANGUAGE_STANDARD = gnu99;
				GCC_DYNAMIC_NO_PIC = NO;
				GCC_NO_COMMON_BLOCKS = YES;
				GCC_OPTIMIZATION_LEVEL = 0;
				GCC_PREPROCESSOR_DEFINITIONS = (
					"DEBUG=1",
					"$(inherited)",
				);
				GCC_WARN_64_TO_32_BIT_CONVERSION = YES;
				GCC_WARN_ABOUT_RETURN_TYPE = YES_ERROR;
				GCC_WARN_UNDECLARED_SELECTOR = YES;
				GCC_WARN_UNINITIALIZED_AUTOS = YES_AGGRESSIVE;
				GCC_WARN_UNUSED_FUNCTION = YES;
				GCC_WARN_UNUSED_VARIABLE = YES;
				MACOSX_DEPLOYMENT_TARGET = 10.11;
				MTL_ENABLE_DEBUG_INFO = YES;
				ONLY_ACTIVE_ARCH = YES;
				SDKROOT = macosx;
			};
			name = Debug;
		};
		846CD2CE1CD67E2A001EBC95 /* Release */ = {
			isa = XCBuildConfiguration;
			buildSettings = {
				ALWAYS_SEARCH_USER_PATHS = NO;
				CLANG_ANALYZER_NONNULL = YES;
				CLANG_CXX_LANGUAGE_STANDARD = "gnu++0x";
				CLANG_CXX_LIBRARY = "libc++";
				CLANG_ENABLE_MODULES = YES;
				CLANG_ENABLE_OBJC_ARC = YES;
				CLANG_WARN_BOOL_CONVERSION = YES;
				CLANG_WARN_CONSTANT_CONVERSION = YES;
				CLANG_WARN_DIRECT_OBJC_ISA_USAGE = YES_ERROR;
				CLANG_WARN_EMPTY_BODY = YES;
				CLANG_WARN_ENUM_CONVERSION = YES;
				CLANG_WARN_INT_CONVERSION = YES;
				CLANG_WARN_OBJC_ROOT_CLASS = YES_ERROR;
				CLANG_WARN_UNREACHABLE_CODE = YES;
				CLANG_WARN__DUPLICATE_METHOD_MATCH = YES;
				CODE_SIGN_IDENTITY = "-";
				COPY_PHASE_STRIP = NO;
				DEBUG_INFORMATION_FORMAT = "dwarf-with-dsym";
				ENABLE_NS_ASSERTIONS = NO;
				ENABLE_STRICT_OBJC_MSGSEND = YES;
				GCC_C_LANGUAGE_STANDARD = gnu99;
				GCC_NO_COMMON_BLOCKS = YES;
				GCC_WARN_64_TO_32_BIT_CONVERSION = YES;
				GCC_WARN_ABOUT_RETURN_TYPE = YES_ERROR;
				GCC_WARN_UNDECLARED_SELECTOR = YES;
				GCC_WARN_UNINITIALIZED_AUTOS = YES_AGGRESSIVE;
				GCC_WARN_UNUSED_FUNCTION = YES;
				GCC_WARN_UNUSED_VARIABLE = YES;
				MACOSX_DEPLOYMENT_TARGET = 10.11;
				MTL_ENABLE_DEBUG_INFO = NO;
				SDKROOT = macosx;
			};
			name = Release;
		};
		846CD2D01CD67E2A001EBC95 /* Debug */ = {
			isa = XCBuildConfiguration;
			buildSettings = {
				PRODUCT_NAME = "$(TARGET_NAME)";
			};
			name = Debug;
		};
		846CD2D11CD67E2A001EBC95 /* Release */ = {
			isa = XCBuildConfiguration;
			buildSettings = {
				PRODUCT_NAME = "$(TARGET_NAME)";
			};
			name = Release;
		};
/* End XCBuildConfiguration section */

/* Begin XCConfigurationList section */
		846CD2C31CD67E2A001EBC95 /* Build configuration list for PBXProject "MessageQueue" */ = {
			isa = XCConfigurationList;
			buildConfigurations = (
				846CD2CD1CD67E2A001EBC95 /* Debug */,
				846CD2CE1CD67E2A001EBC95 /* Release */,
			);
			defaultConfigurationIsVisible = 0;
			defaultConfigurationName = Release;
		};
		846CD2CF1CD67E2A001EBC95 /* Build configuration list for PBXNativeTarget "MessageQueue" */ = {
			isa = XCConfigurationList;
			buildConfigurations = (
				846CD2D01CD67E2A001EBC95 /* Debug */,
				846CD2D11CD67E2A001EBC95 /* Release */,
			);
			defaultConfigurationIsVisible = 0;
		};
/* End XCConfigurationList section */
	};
	rootObject = 846CD2C01CD67E2A001EBC95 /* Project object */;
}
